
Microsoft Visual Studio Solution File, Format Version 12.00
# Visual Studio Version 17
VisualStudioVersion = 17.1.32210.238
MinimumVisualStudioVersion = 10.0.40219.1
Project("{8BC9CEB8-8B4A-11D0-8D11-00A0C91BC942}") = "12-b1-1成绩处理", "成绩处理\成绩处理.vcxproj", "{8E5FCB1C-2F8B-4634-8520-37B614596E59}"
EndProject
Project("{8BC9CEB8-8B4A-11D0-8D11-00A0C91BC942}") = "12-b1-2成绩处理-逆", "成绩处理-逆\成绩处理-逆.vcxproj", "{1C77799D-F28F-4A38-A71A-D0CED24A6428}"
EndProject
Project("{8BC9CEB8-8B4A-11D0-8D11-00A0C91BC942}") = "12-b2求定积分", "矩形法求定积分\矩形法求定积分.vcxproj", "{94837622-48DF-46E0-B4B1-F437236B38A2}"
EndProject
Project("{8BC9CEB8-8B4A-11D0-8D11-00A0C91BC942}") = "12-b3月份数转英", "月份数转英\月份数转英.vcxproj", "{3EDBF738-9676-4103-9600-1BA44B08E7E8}"
EndProject
Project("{8BC9CEB8-8B4A-11D0-8D11-00A0C91BC942}") = "ppt", "ppt\ppt.vcxproj", "{19A0BDCE-BD62-4F96-920A-3D5EC6AB6C19}"
EndProject
Project("{8BC9CEB8-8B4A-11D0-8D11-00A0C91BC942}") = "12-b5-1形参大小适应（数组的引用）", "形参大小适应（数组的引用）\形参大小适应（数组的引用）.vcxproj", "{3CACB3C2-F365-4779-AEFC-99DF2812154D}"
EndProject
Project("{8BC9CEB8-8B4A-11D0-8D11-00A0C91BC942}") = "12-b5-2形参大小适应（二维数组）", "形参大小适应（二维数组）\形参大小适应（二维数组）.vcxproj", "{896DB591-A5FE-4ACD-9EC4-712D673A477E}"
EndProject
Project("{8BC9CEB8-8B4A-11D0-8D11-00A0C91BC942}") = "12-b6c isn't hard", "c isn't hard\c isn't hard.vcxproj", "{042C3878-383E-4A1F-A1B4-2343B20292B6}"
EndProject
Project("{8BC9CEB8-8B4A-11D0-8D11-00A0C91BC942}") = "13-b1-1学号成绩c", "13-b1-1学号成绩c\13-b1-1学号成绩c.vcxproj", "{967C77A5-1EAE-4795-B107-26ED6960809A}"
EndProject
Project("{8BC9CEB8-8B4A-11D0-8D11-00A0C91BC942}") = "13-b1-2学号成绩cpp", "13-b1-2学号成绩cpp\13-b1-2学号成绩cpp.vcxproj", "{80DAF1C4-6B67-4DA9-A091-78602A014643}"
EndProject
Project("{8BC9CEB8-8B4A-11D0-8D11-00A0C91BC942}") = "13-b1-3学号名次c", "13-b1-3学号名次c\13-b1-3学号名次c.vcxproj", "{19CB9782-6748-442C-8213-B8040F4A09EB}"
EndProject
Project("{8BC9CEB8-8B4A-11D0-8D11-00A0C91BC942}") = "13-b1-4学号名次cpp", "13-b1-4学号名次cpp\13-b1-4学号名次cpp.vcxproj", "{DF2C4858-C91E-423B-9130-292D47201F7E}"
EndProject
Project("{8BC9CEB8-8B4A-11D0-8D11-00A0C91BC942}") = "13-b2-1链表打印c", "13-b2-1链表打印c\13-b2-1链表打印c.vcxproj", "{54CA6CC1-9014-4599-8894-61B8D483492B}"
EndProject
Project("{8BC9CEB8-8B4A-11D0-8D11-00A0C91BC942}") = "13-b2-2链表打印cpp", "13-b2-2链表打印cpp\13-b2-2链表打印cpp.vcxproj", "{336EFB55-51CF-43DB-BC84-7C733104CDAC}"
EndProject
Project("{8BC9CEB8-8B4A-11D0-8D11-00A0C91BC942}") = "13-b3-1链表二次申请c", "13-b3-1链表二次申请c\13-b3-1链表二次申请c.vcxproj", "{CEF22930-02D2-4202-80DE-71017728AEB4}"
EndProject
Project("{8BC9CEB8-8B4A-11D0-8D11-00A0C91BC942}") = "13-b3-2链表二次申请cpp", "13-b3-2链表二次申请cpp\13-b3-2链表二次申请cpp.vcxproj", "{27833518-73F0-4A30-B82E-486F6A97AA88}"
EndProject
Project("{8BC9CEB8-8B4A-11D0-8D11-00A0C91BC942}") = "13-b4随机抽取", "13-b4随机抽取\13-b4随机抽取.vcxproj", "{A47F177D-4FDC-4CDB-8B43-413063A70672}"
EndProject
Project("{8BC9CEB8-8B4A-11D0-8D11-00A0C91BC942}") = "13-b6TString类", "13-b6TString类\13-b6TString类.vcxproj", "{68F23CBE-543C-4D3E-91ED-89EB9F0FF66B}"
EndProject
Project("{8BC9CEB8-8B4A-11D0-8D11-00A0C91BC942}") = "13-b7越界讨论", "13-b7越界讨论\13-b7越界讨论.vcxproj", "{67AAC75B-1D67-4B04-86D3-0B45B767D74F}"
EndProject
Project("{8BC9CEB8-8B4A-11D0-8D11-00A0C91BC942}") = "13-b7-1", "13-b7-1\13-b7-1.vcxproj", "{571510F7-22DC-4B16-80F6-4399229CDE87}"
EndProject
Global
	GlobalSection(SolutionConfigurationPlatforms) = preSolution
		Debug|x64 = Debug|x64
		Debug|x86 = Debug|x86
		Release|x64 = Release|x64
		Release|x86 = Release|x86
	EndGlobalSection
	GlobalSection(ProjectConfigurationPlatforms) = postSolution
		{8E5FCB1C-2F8B-4634-8520-37B614596E59}.Debug|x64.ActiveCfg = Debug|x64
		{8E5FCB1C-2F8B-4634-8520-37B614596E59}.Debug|x64.Build.0 = Debug|x64
		{8E5FCB1C-2F8B-4634-8520-37B614596E59}.Debug|x86.ActiveCfg = Debug|Win32
		{8E5FCB1C-2F8B-4634-8520-37B614596E59}.Debug|x86.Build.0 = Debug|Win32
		{8E5FCB1C-2F8B-4634-8520-37B614596E59}.Release|x64.ActiveCfg = Release|x64
		{8E5FCB1C-2F8B-4634-8520-37B614596E59}.Release|x64.Build.0 = Release|x64
		{8E5FCB1C-2F8B-4634-8520-37B614596E59}.Release|x86.ActiveCfg = Release|Win32
		{8E5FCB1C-2F8B-4634-8520-37B614596E59}.Release|x86.Build.0 = Release|Win32
		{1C77799D-F28F-4A38-A71A-D0CED24A6428}.Debug|x64.ActiveCfg = Debug|x64
		{1C77799D-F28F-4A38-A71A-D0CED24A6428}.Debug|x64.Build.0 = Debug|x64
		{1C77799D-F28F-4A38-A71A-D0CED24A6428}.Debug|x86.ActiveCfg = Debug|Win32
		{1C77799D-F28F-4A38-A71A-D0CED24A6428}.Debug|x86.Build.0 = Debug|Win32
		{1C77799D-F28F-4A38-A71A-D0CED24A6428}.Release|x64.ActiveCfg = Release|x64
		{1C77799D-F28F-4A38-A71A-D0CED24A6428}.Release|x64.Build.0 = Release|x64
		{1C77799D-F28F-4A38-A71A-D0CED24A6428}.Release|x86.ActiveCfg = Release|Win32
		{1C77799D-F28F-4A38-A71A-D0CED24A6428}.Release|x86.Build.0 = Release|Win32
		{94837622-48DF-46E0-B4B1-F437236B38A2}.Debug|x64.ActiveCfg = Debug|x64
		{94837622-48DF-46E0-B4B1-F437236B38A2}.Debug|x64.Build.0 = Debug|x64
		{94837622-48DF-46E0-B4B1-F437236B38A2}.Debug|x86.ActiveCfg = Debug|Win32
		{94837622-48DF-46E0-B4B1-F437236B38A2}.Debug|x86.Build.0 = Debug|Win32
		{94837622-48DF-46E0-B4B1-F437236B38A2}.Release|x64.ActiveCfg = Release|x64
		{94837622-48DF-46E0-B4B1-F437236B38A2}.Release|x64.Build.0 = Release|x64
		{94837622-48DF-46E0-B4B1-F437236B38A2}.Release|x86.ActiveCfg = Release|Win32
		{94837622-48DF-46E0-B4B1-F437236B38A2}.Release|x86.Build.0 = Release|Win32
		{3EDBF738-9676-4103-9600-1BA44B08E7E8}.Debug|x64.ActiveCfg = Debug|x64
		{3EDBF738-9676-4103-9600-1BA44B08E7E8}.Debug|x64.Build.0 = Debug|x64
		{3EDBF738-9676-4103-9600-1BA44B08E7E8}.Debug|x86.ActiveCfg = Debug|Win32
		{3EDBF738-9676-4103-9600-1BA44B08E7E8}.Debug|x86.Build.0 = Debug|Win32
		{3EDBF738-9676-4103-9600-1BA44B08E7E8}.Release|x64.ActiveCfg = Release|x64
		{3EDBF738-9676-4103-9600-1BA44B08E7E8}.Release|x64.Build.0 = Release|x64
		{3EDBF738-9676-4103-9600-1BA44B08E7E8}.Release|x86.ActiveCfg = Release|Win32
		{3EDBF738-9676-4103-9600-1BA44B08E7E8}.Release|x86.Build.0 = Release|Win32
		{19A0BDCE-BD62-4F96-920A-3D5EC6AB6C19}.Debug|x64.ActiveCfg = Debug|x64
		{19A0BDCE-BD62-4F96-920A-3D5EC6AB6C19}.Debug|x64.Build.0 = Debug|x64
		{19A0BDCE-BD62-4F96-920A-3D5EC6AB6C19}.Debug|x86.ActiveCfg = Debug|Win32
		{19A0BDCE-BD62-4F96-920A-3D5EC6AB6C19}.Debug|x86.Build.0 = Debug|Win32
		{19A0BDCE-BD62-4F96-920A-3D5EC6AB6C19}.Release|x64.ActiveCfg = Release|x64
		{19A0BDCE-BD62-4F96-920A-3D5EC6AB6C19}.Release|x64.Build.0 = Release|x64
		{19A0BDCE-BD62-4F96-920A-3D5EC6AB6C19}.Release|x86.ActiveCfg = Release|Win32
		{19A0BDCE-BD62-4F96-920A-3D5EC6AB6C19}.Release|x86.Build.0 = Release|Win32
		{3CACB3C2-F365-4779-AEFC-99DF2812154D}.Debug|x64.ActiveCfg = Debug|x64
		{3CACB3C2-F365-4779-AEFC-99DF2812154D}.Debug|x64.Build.0 = Debug|x64
		{3CACB3C2-F365-4779-AEFC-99DF2812154D}.Debug|x86.ActiveCfg = Debug|Win32
		{3CACB3C2-F365-4779-AEFC-99DF2812154D}.Debug|x86.Build.0 = Debug|Win32
		{3CACB3C2-F365-4779-AEFC-99DF2812154D}.Release|x64.ActiveCfg = Release|x64
		{3CACB3C2-F365-4779-AEFC-99DF2812154D}.Release|x64.Build.0 = Release|x64
		{3CACB3C2-F365-4779-AEFC-99DF2812154D}.Release|x86.ActiveCfg = Release|Win32
		{3CACB3C2-F365-4779-AEFC-99DF2812154D}.Release|x86.Build.0 = Release|Win32
		{896DB591-A5FE-4ACD-9EC4-712D673A477E}.Debug|x64.ActiveCfg = Debug|x64
		{896DB591-A5FE-4ACD-9EC4-712D673A477E}.Debug|x64.Build.0 = Debug|x64
		{896DB591-A5FE-4ACD-9EC4-712D673A477E}.Debug|x86.ActiveCfg = Debug|Win32
		{896DB591-A5FE-4ACD-9EC4-712D673A477E}.Debug|x86.Build.0 = Debug|Win32
		{896DB591-A5FE-4ACD-9EC4-712D673A477E}.Release|x64.ActiveCfg = Release|x64
		{896DB591-A5FE-4ACD-9EC4-712D673A477E}.Release|x64.Build.0 = Release|x64
		{896DB591-A5FE-4ACD-9EC4-712D673A477E}.Release|x86.ActiveCfg = Release|Win32
		{896DB591-A5FE-4ACD-9EC4-712D673A477E}.Release|x86.Build.0 = Release|Win32
		{042C3878-383E-4A1F-A1B4-2343B20292B6}.Debug|x64.ActiveCfg = Debug|x64
		{042C3878-383E-4A1F-A1B4-2343B20292B6}.Debug|x64.Build.0 = Debug|x64
		{042C3878-383E-4A1F-A1B4-2343B20292B6}.Debug|x86.ActiveCfg = Debug|Win32
		{042C3878-383E-4A1F-A1B4-2343B20292B6}.Debug|x86.Build.0 = Debug|Win32
		{042C3878-383E-4A1F-A1B4-2343B20292B6}.Release|x64.ActiveCfg = Release|x64
		{042C3878-383E-4A1F-A1B4-2343B20292B6}.Release|x64.Build.0 = Release|x64
		{042C3878-383E-4A1F-A1B4-2343B20292B6}.Release|x86.ActiveCfg = Release|Win32
		{042C3878-383E-4A1F-A1B4-2343B20292B6}.Release|x86.Build.0 = Release|Win32
		{967C77A5-1EAE-4795-B107-26ED6960809A}.Debug|x64.ActiveCfg = Debug|x64
		{967C77A5-1EAE-4795-B107-26ED6960809A}.Debug|x64.Build.0 = Debug|x64
		{967C77A5-1EAE-4795-B107-26ED6960809A}.Debug|x86.ActiveCfg = Debug|Win32
		{967C77A5-1EAE-4795-B107-26ED6960809A}.Debug|x86.Build.0 = Debug|Win32
		{967C77A5-1EAE-4795-B107-26ED6960809A}.Release|x64.ActiveCfg = Release|x64
		{967C77A5-1EAE-4795-B107-26ED6960809A}.Release|x64.Build.0 = Release|x64
		{967C77A5-1EAE-4795-B107-26ED6960809A}.Release|x86.ActiveCfg = Release|Win32
		{967C77A5-1EAE-4795-B107-26ED6960809A}.Release|x86.Build.0 = Release|Win32
		{80DAF1C4-6B67-4DA9-A091-78602A014643}.Debug|x64.ActiveCfg = Debug|x64
		{80DAF1C4-6B67-4DA9-A091-78602A014643}.Debug|x64.Build.0 = Debug|x64
		{80DAF1C4-6B67-4DA9-A091-78602A014643}.Debug|x86.ActiveCfg = Debug|Win32
		{80DAF1C4-6B67-4DA9-A091-78602A014643}.Debug|x86.Build.0 = Debug|Win32
		{80DAF1C4-6B67-4DA9-A091-78602A014643}.Release|x64.ActiveCfg = Release|x64
		{80DAF1C4-6B67-4DA9-A091-78602A014643}.Release|x64.Build.0 = Release|x64
		{80DAF1C4-6B67-4DA9-A091-78602A014643}.Release|x86.ActiveCfg = Release|Win32
		{80DAF1C4-6B67-4DA9-A091-78602A014643}.Release|x86.Build.0 = Release|Win32
		{19CB9782-6748-442C-8213-B8040F4A09EB}.Debug|x64.ActiveCfg = Debug|x64
		{19CB9782-6748-442C-8213-B8040F4A09EB}.Debug|x64.Build.0 = Debug|x64
		{19CB9782-6748-442C-8213-B8040F4A09EB}.Debug|x86.ActiveCfg = Debug|Win32
		{19CB9782-6748-442C-8213-B8040F4A09EB}.Debug|x86.Build.0 = Debug|Win32
		{19CB9782-6748-442C-8213-B8040F4A09EB}.Release|x64.ActiveCfg = Release|x64
		{19CB9782-6748-442C-8213-B8040F4A09EB}.Release|x64.Build.0 = Release|x64
		{19CB9782-6748-442C-8213-B8040F4A09EB}.Release|x86.ActiveCfg = Release|Win32
		{19CB9782-6748-442C-8213-B8040F4A09EB}.Release|x86.Build.0 = Release|Win32
		{DF2C4858-C91E-423B-9130-292D47201F7E}.Debug|x64.ActiveCfg = Debug|x64
		{DF2C4858-C91E-423B-9130-292D47201F7E}.Debug|x64.Build.0 = Debug|x64
		{DF2C4858-C91E-423B-9130-292D47201F7E}.Debug|x86.ActiveCfg = Debug|Win32
		{DF2C4858-C91E-423B-9130-292D47201F7E}.Debug|x86.Build.0 = Debug|Win32
		{DF2C4858-C91E-423B-9130-292D47201F7E}.Release|x64.ActiveCfg = Release|x64
		{DF2C4858-C91E-423B-9130-292D47201F7E}.Release|x64.Build.0 = Release|x64
		{DF2C4858-C91E-423B-9130-292D47201F7E}.Release|x86.ActiveCfg = Release|Win32
		{DF2C4858-C91E-423B-9130-292D47201F7E}.Release|x86.Build.0 = Release|Win32
		{54CA6CC1-9014-4599-8894-61B8D483492B}.Debug|x64.ActiveCfg = Debug|x64
		{54CA6CC1-9014-4599-8894-61B8D483492B}.Debug|x64.Build.0 = Debug|x64
		{54CA6CC1-9014-4599-8894-61B8D483492B}.Debug|x86.ActiveCfg = Debug|Win32
		{54CA6CC1-9014-4599-8894-61B8D483492B}.Debug|x86.Build.0 = Debug|Win32
		{54CA6CC1-9014-4599-8894-61B8D483492B}.Release|x64.ActiveCfg = Release|x64
		{54CA6CC1-9014-4599-8894-61B8D483492B}.Release|x64.Build.0 = Release|x64
		{54CA6CC1-9014-4599-8894-61B8D483492B}.Release|x86.ActiveCfg = Release|Win32
		{54CA6CC1-9014-4599-8894-61B8D483492B}.Release|x86.Build.0 = Release|Win32
		{336EFB55-51CF-43DB-BC84-7C733104CDAC}.Debug|x64.ActiveCfg = Debug|x64
		{336EFB55-51CF-43DB-BC84-7C733104CDAC}.Debug|x64.Build.0 = Debug|x64
		{336EFB55-51CF-43DB-BC84-7C733104CDAC}.Debug|x86.ActiveCfg = Debug|Win32
		{336EFB55-51CF-43DB-BC84-7C733104CDAC}.Debug|x86.Build.0 = Debug|Win32
		{336EFB55-51CF-43DB-BC84-7C733104CDAC}.Release|x64.ActiveCfg = Release|x64
		{336EFB55-51CF-43DB-BC84-7C733104CDAC}.Release|x64.Build.0 = Release|x64
		{336EFB55-51CF-43DB-BC84-7C733104CDAC}.Release|x86.ActiveCfg = Release|Win32
		{336EFB55-51CF-43DB-BC84-7C733104CDAC}.Release|x86.Build.0 = Release|Win32
		{CEF22930-02D2-4202-80DE-71017728AEB4}.Debug|x64.ActiveCfg = Debug|x64
		{CEF22930-02D2-4202-80DE-71017728AEB4}.Debug|x64.Build.0 = Debug|x64
		{CEF22930-02D2-4202-80DE-71017728AEB4}.Debug|x86.ActiveCfg = Debug|Win32
		{CEF22930-02D2-4202-80DE-71017728AEB4}.Debug|x86.Build.0 = Debug|Win32
		{CEF22930-02D2-4202-80DE-71017728AEB4}.Release|x64.ActiveCfg = Release|x64
		{CEF22930-02D2-4202-80DE-71017728AEB4}.Release|x64.Build.0 = Release|x64
		{CEF22930-02D2-4202-80DE-71017728AEB4}.Release|x86.ActiveCfg = Release|Win32
		{CEF22930-02D2-4202-80DE-71017728AEB4}.Release|x86.Build.0 = Release|Win32
		{27833518-73F0-4A30-B82E-486F6A97AA88}.Debug|x64.ActiveCfg = Debug|x64
		{27833518-73F0-4A30-B82E-486F6A97AA88}.Debug|x64.Build.0 = Debug|x64
		{27833518-73F0-4A30-B82E-486F6A97AA88}.Debug|x86.ActiveCfg = Debug|Win32
		{27833518-73F0-4A30-B82E-486F6A97AA88}.Debug|x86.Build.0 = Debug|Win32
		{27833518-73F0-4A30-B82E-486F6A97AA88}.Release|x64.ActiveCfg = Release|x64
		{27833518-73F0-4A30-B82E-486F6A97AA88}.Release|x64.Build.0 = Release|x64
		{27833518-73F0-4A30-B82E-486F6A97AA88}.Release|x86.ActiveCfg = Release|Win32
		{27833518-73F0-4A30-B82E-486F6A97AA88}.Release|x86.Build.0 = Release|Win32
		{A47F177D-4FDC-4CDB-8B43-413063A70672}.Debug|x64.ActiveCfg = Debug|x64
		{A47F177D-4FDC-4CDB-8B43-413063A70672}.Debug|x64.Build.0 = Debug|x64
		{A47F177D-4FDC-4CDB-8B43-413063A70672}.Debug|x86.ActiveCfg = Debug|Win32
		{A47F177D-4FDC-4CDB-8B43-413063A70672}.Debug|x86.Build.0 = Debug|Win32
		{A47F177D-4FDC-4CDB-8B43-413063A70672}.Release|x64.ActiveCfg = Release|x64
		{A47F177D-4FDC-4CDB-8B43-413063A70672}.Release|x64.Build.0 = Release|x64
		{A47F177D-4FDC-4CDB-8B43-413063A70672}.Release|x86.ActiveCfg = Release|Win32
		{A47F177D-4FDC-4CDB-8B43-413063A70672}.Release|x86.Build.0 = Release|Win32
		{68F23CBE-543C-4D3E-91ED-89EB9F0FF66B}.Debug|x64.ActiveCfg = Debug|x64
		{68F23CBE-543C-4D3E-91ED-89EB9F0FF66B}.Debug|x64.Build.0 = Debug|x64
		{68F23CBE-543C-4D3E-91ED-89EB9F0FF66B}.Debug|x86.ActiveCfg = Debug|Win32
		{68F23CBE-543C-4D3E-91ED-89EB9F0FF66B}.Debug|x86.Build.0 = Debug|Win32
		{68F23CBE-543C-4D3E-91ED-89EB9F0FF66B}.Release|x64.ActiveCfg = Release|x64
		{68F23CBE-543C-4D3E-91ED-89EB9F0FF66B}.Release|x64.Build.0 = Release|x64
		{68F23CBE-543C-4D3E-91ED-89EB9F0FF66B}.Release|x86.ActiveCfg = Release|Win32
		{68F23CBE-543C-4D3E-91ED-89EB9F0FF66B}.Release|x86.Build.0 = Release|Win32
		{67AAC75B-1D67-4B04-86D3-0B45B767D74F}.Debug|x64.ActiveCfg = Debug|x64
		{67AAC75B-1D67-4B04-86D3-0B45B767D74F}.Debug|x64.Build.0 = Debug|x64
		{67AAC75B-1D67-4B04-86D3-0B45B767D74F}.Debug|x86.ActiveCfg = Debug|Win32
		{67AAC75B-1D67-4B04-86D3-0B45B767D74F}.Debug|x86.Build.0 = Debug|Win32
		{67AAC75B-1D67-4B04-86D3-0B45B767D74F}.Release|x64.ActiveCfg = Release|x64
		{67AAC75B-1D67-4B04-86D3-0B45B767D74F}.Release|x64.Build.0 = Release|x64
		{67AAC75B-1D67-4B04-86D3-0B45B767D74F}.Release|x86.ActiveCfg = Release|Win32
		{67AAC75B-1D67-4B04-86D3-0B45B767D74F}.Release|x86.Build.0 = Release|Win32
		{571510F7-22DC-4B16-80F6-4399229CDE87}.Debug|x64.ActiveCfg = Debug|x64
		{571510F7-22DC-4B16-80F6-4399229CDE87}.Debug|x64.Build.0 = Debug|x64
		{571510F7-22DC-4B16-80F6-4399229CDE87}.Debug|x86.ActiveCfg = Debug|Win32
		{571510F7-22DC-4B16-80F6-4399229CDE87}.Debug|x86.Build.0 = Debug|Win32
		{571510F7-22DC-4B16-80F6-4399229CDE87}.Release|x64.ActiveCfg = Release|x64
		{571510F7-22DC-4B16-80F6-4399229CDE87}.Release|x64.Build.0 = Release|x64
		{571510F7-22DC-4B16-80F6-4399229CDE87}.Release|x86.ActiveCfg = Release|Win32
		{571510F7-22DC-4B16-80F6-4399229CDE87}.Release|x86.Build.0 = Release|Win32
	EndGlobalSection
	GlobalSection(SolutionProperties) = preSolution
		HideSolutionNode = FALSE
	EndGlobalSection
	GlobalSection(ExtensibilityGlobals) = postSolution
		SolutionGuid = {BC60DD99-AED9-4A70-94F6-2228EBC9460C}
	EndGlobalSection
EndGlobal
